
Microsoft Visual Studio Solution File, Format Version 12.00
# Visual Studio Version 17
VisualStudioVersion = 17.1.32414.318
MinimumVisualStudioVersion = 10.0.40219.1
Project("{FAE04EC0-301F-11D3-BF4B-00C04F79EFBC}") = "RoyalMoanaDivingSites.API", "RoyalMoanaDivingSites.API\RoyalMoanaDivingSites.API.csproj", "{74C42885-AEDE-4BAC-BB7A-71666DF07FB4}"
EndProject
Project("{FAE04EC0-301F-11D3-BF4B-00C04F79EFBC}") = "RoyalMoanaDivingSites.DAL", "RoyalMoanaDivingSites.DAL\RoyalMoanaDivingSites.DAL.csproj", "{95F4BB0A-8005-4DFB-BD87-68C4C7EC60A4}"
EndProject
Global
	GlobalSection(SolutionConfigurationPlatforms) = preSolution
		Debug|Any CPU = Debug|Any CPU
		Release|Any CPU = Release|Any CPU
	EndGlobalSection
	GlobalSection(ProjectConfigurationPlatforms) = postSolution
		{74C42885-AEDE-4BAC-BB7A-71666DF07FB4}.Debug|Any CPU.ActiveCfg = Debug|Any CPU
		{74C42885-AEDE-4BAC-BB7A-71666DF07FB4}.Debug|Any CPU.Build.0 = Debug|Any CPU
		{74C42885-AEDE-4BAC-BB7A-71666DF07FB4}.Release|Any CPU.ActiveCfg = Release|Any CPU
		{74C42885-AEDE-4BAC-BB7A-71666DF07FB4}.Release|Any CPU.Build.0 = Release|Any CPU
		{95F4BB0A-8005-4DFB-BD87-68C4C7EC60A4}.Debug|Any CPU.ActiveCfg = Debug|Any CPU
		{95F4BB0A-8005-4DFB-BD87-68C4C7EC60A4}.Debug|Any CPU.Build.0 = Debug|Any CPU
		{95F4BB0A-8005-4DFB-BD87-68C4C7EC60A4}.Release|Any CPU.ActiveCfg = Release|Any CPU
		{95F4BB0A-8005-4DFB-BD87-68C4C7EC60A4}.Release|Any CPU.Build.0 = Release|Any CPU
	EndGlobalSection
	GlobalSection(SolutionProperties) = preSolution
		HideSolutionNode = FALSE
	EndGlobalSection
	GlobalSection(ExtensibilityGlobals) = postSolution
		SolutionGuid = {DCF34BAC-997E-4E5E-94D3-6A58577B6F64}
	EndGlobalSection
EndGlobal
